
Microsoft Visual Studio Solution File, Format Version 12.00
Project("{FAE04EC0-301F-11D3-BF4B-00C04F79EFBC}") = "Core", "src\Core\Core.csproj", "{33D74E3F-8495-44EC-BD98-2CF4E67BD53D}"
EndProject
Project("{FAE04EC0-301F-11D3-BF4B-00C04F79EFBC}") = "Infrastructure", "src\Infrastructure\Infrastructure.csproj", "{80CD0D22-492C-43D0-93E1-FE56628E3B6C}"
EndProject
Project("{FAE04EC0-301F-11D3-BF4B-00C04F79EFBC}") = "API", "src\API\API.csproj", "{AD2BDAE3-2DE3-4A53-88CF-F8E2C1EF915E}"
EndProject
Global
	GlobalSection(SolutionConfigurationPlatforms) = preSolution
		Debug|Any CPU = Debug|Any CPU
		Release|Any CPU = Release|Any CPU
	EndGlobalSection
	GlobalSection(ProjectConfigurationPlatforms) = postSolution
		{33D74E3F-8495-44EC-BD98-2CF4E67BD53D}.Debug|Any CPU.ActiveCfg = Debug|Any CPU
		{33D74E3F-8495-44EC-BD98-2CF4E67BD53D}.Debug|Any CPU.Build.0 = Debug|Any CPU
		{33D74E3F-8495-44EC-BD98-2CF4E67BD53D}.Release|Any CPU.ActiveCfg = Release|Any CPU
		{33D74E3F-8495-44EC-BD98-2CF4E67BD53D}.Release|Any CPU.Build.0 = Release|Any CPU
		{80CD0D22-492C-43D0-93E1-FE56628E3B6C}.Debug|Any CPU.ActiveCfg = Debug|Any CPU
		{80CD0D22-492C-43D0-93E1-FE56628E3B6C}.Debug|Any CPU.Build.0 = Debug|Any CPU
		{80CD0D22-492C-43D0-93E1-FE56628E3B6C}.Release|Any CPU.ActiveCfg = Release|Any CPU
		{80CD0D22-492C-43D0-93E1-FE56628E3B6C}.Release|Any CPU.Build.0 = Release|Any CPU
		{AD2BDAE3-2DE3-4A53-88CF-F8E2C1EF915E}.Debug|Any CPU.ActiveCfg = Debug|Any CPU
		{AD2BDAE3-2DE3-4A53-88CF-F8E2C1EF915E}.Debug|Any CPU.Build.0 = Debug|Any CPU
		{AD2BDAE3-2DE3-4A53-88CF-F8E2C1EF915E}.Release|Any CPU.ActiveCfg = Release|Any CPU
		{AD2BDAE3-2DE3-4A53-88CF-F8E2C1EF915E}.Release|Any CPU.Build.0 = Release|Any CPU
	EndGlobalSection
EndGlobal
